// !$*UTF8*$!
{
	archiveVersion = 1;
	classes = {
	};
	objectVersion = 46;
	objects = {

/* Begin PBXBuildFile section */
		686066341EC68ECB005B3515 /* main.cpp in Sources */ = {isa = PBXBuildFile; fileRef = 686066331EC68ECB005B3515 /* main.cpp */; };
		686066411EC68EDA005B3515 /* main.cpp in Sources */ = {isa = PBXBuildFile; fileRef = 686066401EC68EDA005B3515 /* main.cpp */; };
		686B928E1EC93D0C0052025E /* main.cpp in Sources */ = {isa = PBXBuildFile; fileRef = 686B928D1EC93D0C0052025E /* main.cpp */; };
/* End PBXBuildFile section */

/* Begin PBXCopyFilesBuildPhase section */
		6860662E1EC68ECA005B3515 /* CopyFiles */ = {
			isa = PBXCopyFilesBuildPhase;
			buildActionMask = 2147483647;
			dstPath = /usr/share/man/man1/;
			dstSubfolderSpec = 0;
			files = (
			);
			runOnlyForDeploymentPostprocessing = 1;
		};
		6860663C1EC68EDA005B3515 /* CopyFiles */ = {
			isa = PBXCopyFilesBuildPhase;
			buildActionMask = 2147483647;
			dstPath = /usr/share/man/man1/;
			dstSubfolderSpec = 0;
			files = (
			);
			runOnlyForDeploymentPostprocessing = 1;
		};
		686B92891EC93D0B0052025E /* CopyFiles */ = {
			isa = PBXCopyFilesBuildPhase;
			buildActionMask = 2147483647;
			dstPath = /usr/share/man/man1/;
			dstSubfolderSpec = 0;
			files = (
			);
			runOnlyForDeploymentPostprocessing = 1;
		};
/* End PBXCopyFilesBuildPhase section */

/* Begin PBXFileReference section */
		686066301EC68ECB005B3515 /* cppPrimer */ = {isa = PBXFileReference; explicitFileType = "compiled.mach-o.executable"; includeInIndex = 0; path = cppPrimer; sourceTree = BUILT_PRODUCTS_DIR; };
		686066331EC68ECB005B3515 /* main.cpp */ = {isa = PBXFileReference; lastKnownFileType = sourcecode.cpp.cpp; path = main.cpp; sourceTree = "<group>"; };
		6860663E1EC68EDA005B3515 /* 79p */ = {isa = PBXFileReference; explicitFileType = "compiled.mach-o.executable"; includeInIndex = 0; path = 79p; sourceTree = BUILT_PRODUCTS_DIR; };
		686066401EC68EDA005B3515 /* main.cpp */ = {isa = PBXFileReference; lastKnownFileType = sourcecode.cpp.cpp; path = main.cpp; sourceTree = "<group>"; };
		686B928B1EC93D0B0052025E /* qsort&sort */ = {isa = PBXFileReference; explicitFileType = "compiled.mach-o.executable"; includeInIndex = 0; path = "qsort&sort"; sourceTree = BUILT_PRODUCTS_DIR; };
		686B928D1EC93D0C0052025E /* main.cpp */ = {isa = PBXFileReference; lastKnownFileType = sourcecode.cpp.cpp; path = main.cpp; sourceTree = "<group>"; };
/* End PBXFileReference section */

/* Begin PBXFrameworksBuildPhase section */
		6860662D1EC68ECA005B3515 /* Frameworks */ = {
			isa = PBXFrameworksBuildPhase;
			buildActionMask = 2147483647;
			files = (
			);
			runOnlyForDeploymentPostprocessing = 0;
		};
		6860663B1EC68EDA005B3515 /* Frameworks */ = {
			isa = PBXFrameworksBuildPhase;
			buildActionMask = 2147483647;
			files = (
			);
			runOnlyForDeploymentPostprocessing = 0;
		};
		686B92881EC93D0B0052025E /* Frameworks */ = {
			isa = PBXFrameworksBuildPhase;
			buildActionMask = 2147483647;
			files = (
			);
			runOnlyForDeploymentPostprocessing = 0;
		};
/* End PBXFrameworksBuildPhase section */

/* Begin PBXGroup section */
		686066271EC68ECA005B3515 = {
			isa = PBXGroup;
			children = (
				686066321EC68ECB005B3515 /* cppPrimer */,
				6860663F1EC68EDA005B3515 /* 79p */,
				686B928C1EC93D0C0052025E /* qsort&sort */,
				686066311EC68ECB005B3515 /* Products */,
			);
			sourceTree = "<group>";
		};
		686066311EC68ECB005B3515 /* Products */ = {
			isa = PBXGroup;
			children = (
				686066301EC68ECB005B3515 /* cppPrimer */,
				6860663E1EC68EDA005B3515 /* 79p */,
				686B928B1EC93D0B0052025E /* qsort&sort */,
			);
			name = Products;
			sourceTree = "<group>";
		};
		686066321EC68ECB005B3515 /* cppPrimer */ = {
			isa = PBXGroup;
			children = (
				686066331EC68ECB005B3515 /* main.cpp */,
			);
			path = cppPrimer;
			sourceTree = "<group>";
		};
		6860663F1EC68EDA005B3515 /* 79p */ = {
			isa = PBXGroup;
			children = (
				686066401EC68EDA005B3515 /* main.cpp */,
			);
			path = 79p;
			sourceTree = "<group>";
		};
		686B928C1EC93D0C0052025E /* qsort&sort */ = {
			isa = PBXGroup;
			children = (
				686B928D1EC93D0C0052025E /* main.cpp */,
			);
			path = "qsort&sort";
			sourceTree = "<group>";
		};
/* End PBXGroup section */

/* Begin PBXNativeTarget section */
		6860662F1EC68ECA005B3515 /* cppPrimer */ = {
			isa = PBXNativeTarget;
			buildConfigurationList = 686066371EC68ECB005B3515 /* Build configuration list for PBXNativeTarget "cppPrimer" */;
			buildPhases = (
				6860662C1EC68ECA005B3515 /* Sources */,
				6860662D1EC68ECA005B3515 /* Frameworks */,
				6860662E1EC68ECA005B3515 /* CopyFiles */,
			);
			buildRules = (
			);
			dependencies = (
			);
			name = cppPrimer;
			productName = cppPrimer;
			productReference = 686066301EC68ECB005B3515 /* cppPrimer */;
			productType = "com.apple.product-type.tool";
		};
		6860663D1EC68EDA005B3515 /* 79p */ = {
			isa = PBXNativeTarget;
			buildConfigurationList = 686066421EC68EDA005B3515 /* Build configuration list for PBXNativeTarget "79p" */;
			buildPhases = (
				6860663A1EC68EDA005B3515 /* Sources */,
				6860663B1EC68EDA005B3515 /* Frameworks */,
				6860663C1EC68EDA005B3515 /* CopyFiles */,
			);
			buildRules = (
			);
			dependencies = (
			);
			name = 79p;
			productName = 79p;
			productReference = 6860663E1EC68EDA005B3515 /* 79p */;
			productType = "com.apple.product-type.tool";
		};
		686B928A1EC93D0B0052025E /* qsort&sort */ = {
			isa = PBXNativeTarget;
			buildConfigurationList = 686B92911EC93D0C0052025E /* Build configuration list for PBXNativeTarget "qsort&sort" */;
			buildPhases = (
				686B92871EC93D0B0052025E /* Sources */,
				686B92881EC93D0B0052025E /* Frameworks */,
				686B92891EC93D0B0052025E /* CopyFiles */,
			);
			buildRules = (
			);
			dependencies = (
			);
			name = "qsort&sort";
			productName = "qsort&sort";
			productReference = 686B928B1EC93D0B0052025E /* qsort&sort */;
			productType = "com.apple.product-type.tool";
		};
/* End PBXNativeTarget section */

/* Begin PBXProject section */
		686066281EC68ECA005B3515 /* Project object */ = {
			isa = PBXProject;
			attributes = {
				LastUpgradeCheck = 0820;
				ORGANIZATIONNAME = KQY;
				TargetAttributes = {
					6860662F1EC68ECA005B3515 = {
						CreatedOnToolsVersion = 8.2.1;
						ProvisioningStyle = Automatic;
					};
					6860663D1EC68EDA005B3515 = {
						CreatedOnToolsVersion = 8.2.1;
						ProvisioningStyle = Automatic;
					};
					686B928A1EC93D0B0052025E = {
						CreatedOnToolsVersion = 8.2.1;
						ProvisioningStyle = Automatic;
					};
				};
			};
			buildConfigurationList = 6860662B1EC68ECA005B3515 /* Build configuration list for PBXProject "cppPrimer" */;
			compatibilityVersion = "Xcode 3.2";
			developmentRegion = English;
			hasScannedForEncodings = 0;
			knownRegions = (
				en,
			);
			mainGroup = 686066271EC68ECA005B3515;
			productRefGroup = 686066311EC68ECB005B3515 /* Products */;
			projectDirPath = "";
			projectRoot = "";
			targets = (
				6860662F1EC68ECA005B3515 /* cppPrimer */,
				6860663D1EC68EDA005B3515 /* 79p */,
				686B928A1EC93D0B0052025E /* qsort&sort */,
			);
		};
/* End PBXProject section */

/* Begin PBXSourcesBuildPhase section */
		6860662C1EC68ECA005B3515 /* Sources */ = {
			isa = PBXSourcesBuildPhase;
			buildActionMask = 2147483647;
			files = (
				686066341EC68ECB005B3515 /* main.cpp in Sources */,
			);
			runOnlyForDeploymentPostprocessing = 0;
		};
		6860663A1EC68EDA005B3515 /* Sources */ = {
			isa = PBXSourcesBuildPhase;
			buildActionMask = 2147483647;
			files = (
				686066411EC68EDA005B3515 /* main.cpp in Sources */,
			);
			runOnlyForDeploymentPostprocessing = 0;
		};
		686B92871EC93D0B0052025E /* Sources */ = {
			isa = PBXSourcesBuildPhase;
			buildActionMask = 2147483647;
			files = (
				686B928E1EC93D0C0052025E /* main.cpp in Sources */,
			);
			runOnlyForDeploymentPostprocessing = 0;
		};
/* End PBXSourcesBuildPhase section */

/* Begin XCBuildConfiguration section */
		686066351EC68ECB005B3515 /* Debug */ = {
			isa = XCBuildConfiguration;
			buildSettings = {
				ALWAYS_SEARCH_USER_PATHS = NO;
				CLANG_ANALYZER_NONNULL = YES;
				CLANG_CXX_LANGUAGE_STANDARD = "gnu++0x";
				CLANG_CXX_LIBRARY = "libc++";
				CLANG_ENABLE_MODULES = YES;
				CLANG_ENABLE_OBJC_ARC = YES;
				CLANG_WARN_BOOL_CONVERSION = YES;
				CLANG_WARN_CONSTANT_CONVERSION = YES;
				CLANG_WARN_DIRECT_OBJC_ISA_USAGE = YES_ERROR;
				CLANG_WARN_DOCUMENTATION_COMMENTS = YES;
				CLANG_WARN_EMPTY_BODY = YES;
				CLANG_WARN_ENUM_CONVERSION = YES;
				CLANG_WARN_INFINITE_RECURSION = YES;
				CLANG_WARN_INT_CONVERSION = YES;
				CLANG_WARN_OBJC_ROOT_CLASS = YES_ERROR;
				CLANG_WARN_SUSPICIOUS_MOVE = YES;
				CLANG_WARN_UNREACHABLE_CODE = YES;
				CLANG_WARN__DUPLICATE_METHOD_MATCH = YES;
				CODE_SIGN_IDENTITY = "-";
				COPY_PHASE_STRIP = NO;
				DEBUG_INFORMATION_FORMAT = dwarf;
				ENABLE_STRICT_OBJC_MSGSEND = YES;
				ENABLE_TESTABILITY = YES;
				GCC_C_LANGUAGE_STANDARD = gnu99;
				GCC_DYNAMIC_NO_PIC = NO;
				GCC_NO_COMMON_BLOCKS = YES;
				GCC_OPTIMIZATION_LEVEL = 0;
				GCC_PREPROCESSOR_DEFINITIONS = (
					"DEBUG=1",
					"$(inherited)",
				);
				GCC_WARN_64_TO_32_BIT_CONVERSION = YES;
				GCC_WARN_ABOUT_RETURN_TYPE = YES_ERROR;
				GCC_WARN_UNDECLARED_SELECTOR = YES;
				GCC_WARN_UNINITIALIZED_AUTOS = YES_AGGRESSIVE;
				GCC_WARN_UNUSED_FUNCTION = YES;
				GCC_WARN_UNUSED_VARIABLE = YES;
				MACOSX_DEPLOYMENT_TARGET = 10.12;
				MTL_ENABLE_DEBUG_INFO = YES;
				ONLY_ACTIVE_ARCH = YES;
				SDKROOT = macosx;
			};
			name = Debug;
		};
		686066361EC68ECB005B3515 /* Release */ = {
			isa = XCBuildConfiguration;
			buildSettings = {
				ALWAYS_SEARCH_USER_PATHS = NO;
				CLANG_ANALYZER_NONNULL = YES;
				CLANG_CXX_LANGUAGE_STANDARD = "gnu++0x";
				CLANG_CXX_LIBRARY = "libc++";
				CLANG_ENABLE_MODULES = YES;
				CLANG_ENABLE_OBJC_ARC = YES;
				CLANG_WARN_BOOL_CONVERSION = YES;
				CLANG_WARN_CONSTANT_CONVERSION = YES;
				CLANG_WARN_DIRECT_OBJC_ISA_USAGE = YES_ERROR;
				CLANG_WARN_DOCUMENTATION_COMMENTS = YES;
				CLANG_WARN_EMPTY_BODY = YES;
				CLANG_WARN_ENUM_CONVERSION = YES;
				CLANG_WARN_INFINITE_RECURSION = YES;
				CLANG_WARN_INT_CONVERSION = YES;
				CLANG_WARN_OBJC_ROOT_CLASS = YES_ERROR;
				CLANG_WARN_SUSPICIOUS_MOVE = YES;
				CLANG_WARN_UNREACHABLE_CODE = YES;
				CLANG_WARN__DUPLICATE_METHOD_MATCH = YES;
				CODE_SIGN_IDENTITY = "-";
				COPY_PHASE_STRIP = NO;
				DEBUG_INFORMATION_FORMAT = "dwarf-with-dsym";
				ENABLE_NS_ASSERTIONS = NO;
				ENABLE_STRICT_OBJC_MSGSEND = YES;
				GCC_C_LANGUAGE_STANDARD = gnu99;
				GCC_NO_COMMON_BLOCKS = YES;
				GCC_WARN_64_TO_32_BIT_CONVERSION = YES;
				GCC_WARN_ABOUT_RETURN_TYPE = YES_ERROR;
				GCC_WARN_UNDECLARED_SELECTOR = YES;
				GCC_WARN_UNINITIALIZED_AUTOS = YES_AGGRESSIVE;
				GCC_WARN_UNUSED_FUNCTION = YES;
				GCC_WARN_UNUSED_VARIABLE = YES;
				MACOSX_DEPLOYMENT_TARGET = 10.12;
				MTL_ENABLE_DEBUG_INFO = NO;
				SDKROOT = macosx;
			};
			name = Release;
		};
		686066381EC68ECB005B3515 /* Debug */ = {
			isa = XCBuildConfiguration;
			buildSettings = {
				PRODUCT_NAME = "$(TARGET_NAME)";
			};
			name = Debug;
		};
		686066391EC68ECB005B3515 /* Release */ = {
			isa = XCBuildConfiguration;
			buildSettings = {
				PRODUCT_NAME = "$(TARGET_NAME)";
			};
			name = Release;
		};
		686066431EC68EDA005B3515 /* Debug */ = {
			isa = XCBuildConfiguration;
			buildSettings = {
				PRODUCT_NAME = "$(TARGET_NAME)";
			};
			name = Debug;
		};
		686066441EC68EDA005B3515 /* Release */ = {
			isa = XCBuildConfiguration;
			buildSettings = {
				PRODUCT_NAME = "$(TARGET_NAME)";
			};
			name = Release;
		};
		686B928F1EC93D0C0052025E /* Debug */ = {
			isa = XCBuildConfiguration;
			buildSettings = {
				PRODUCT_NAME = "$(TARGET_NAME)";
			};
			name = Debug;
		};
		686B92901EC93D0C0052025E /* Release */ = {
			isa = XCBuildConfiguration;
			buildSettings = {
				PRODUCT_NAME = "$(TARGET_NAME)";
			};
			name = Release;
		};
/* End XCBuildConfiguration section */

/* Begin XCConfigurationList section */
		6860662B1EC68ECA005B3515 /* Build configuration list for PBXProject "cppPrimer" */ = {
			isa = XCConfigurationList;
			buildConfigurations = (
				686066351EC68ECB005B3515 /* Debug */,
				686066361EC68ECB005B3515 /* Release */,
			);
			defaultConfigurationIsVisible = 0;
			defaultConfigurationName = Release;
		};
		686066371EC68ECB005B3515 /* Build configuration list for PBXNativeTarget "cppPrimer" */ = {
			isa = XCConfigurationList;
			buildConfigurations = (
				686066381EC68ECB005B3515 /* Debug */,
				686066391EC68ECB005B3515 /* Release */,
			);
			defaultConfigurationIsVisible = 0;
			defaultConfigurationName = Release;
		};
		686066421EC68EDA005B3515 /* Build configuration list for PBXNativeTarget "79p" */ = {
			isa = XCConfigurationList;
			buildConfigurations = (
				686066431EC68EDA005B3515 /* Debug */,
				686066441EC68EDA005B3515 /* Release */,
			);
			defaultConfigurationIsVisible = 0;
			defaultConfigurationName = Release;
		};
		686B92911EC93D0C0052025E /* Build configuration list for PBXNativeTarget "qsort&sort" */ = {
			isa = XCConfigurationList;
			buildConfigurations = (
				686B928F1EC93D0C0052025E /* Debug */,
				686B92901EC93D0C0052025E /* Release */,
			);
			defaultConfigurationIsVisible = 0;
		};
/* End XCConfigurationList section */
	};
	rootObject = 686066281EC68ECA005B3515 /* Project object */;
}
